
Microsoft Visual Studio Solution File, Format Version 12.00
# Visual Studio Version 17
VisualStudioVersion = 17.3.32901.215
MinimumVisualStudioVersion = 10.0.40219.1
Project("{FAE04EC0-301F-11D3-BF4B-00C04F79EFBC}") = "App1", "App1.csproj", "{2F2206F0-B197-4301-A852-3BA0CA560974}"
EndProject
Global
	GlobalSection(SolutionConfigurationPlatforms) = preSolution
		Debug|Any CPU = Debug|Any CPU
		Release|Any CPU = Release|Any CPU
	EndGlobalSection
	GlobalSection(ProjectConfigurationPlatforms) = postSolution
		{2F2206F0-B197-4301-A852-3BA0CA560974}.Debug|Any CPU.ActiveCfg = Debug|Any CPU
		{2F2206F0-B197-4301-A852-3BA0CA560974}.Debug|Any CPU.Build.0 = Debug|Any CPU
		{2F2206F0-B197-4301-A852-3BA0CA560974}.Release|Any CPU.ActiveCfg = Release|Any CPU
		{2F2206F0-B197-4301-A852-3BA0CA560974}.Release|Any CPU.Build.0 = Release|Any CPU
	EndGlobalSection
	GlobalSection(SolutionProperties) = preSolution
		HideSolutionNode = FALSE
	EndGlobalSection
	GlobalSection(ExtensibilityGlobals) = postSolution
		SolutionGuid = {E3A77E34-DF51-4903-845C-50DC5041FAC8}
	EndGlobalSection
EndGlobal
