
Microsoft Visual Studio Solution File, Format Version 12.00
# Visual Studio Version 17
VisualStudioVersion = 17.3.32901.215
MinimumVisualStudioVersion = 10.0.40219.1
Project("{FAE04EC0-301F-11D3-BF4B-00C04F79EFBC}") = "App2_Д.З", "App2_Д.З.csproj", "{4FE35CBE-41D0-4D08-A495-70DB6885AE45}"
EndProject
Global
	GlobalSection(SolutionConfigurationPlatforms) = preSolution
		Debug|Any CPU = Debug|Any CPU
		Release|Any CPU = Release|Any CPU
	EndGlobalSection
	GlobalSection(ProjectConfigurationPlatforms) = postSolution
		{4FE35CBE-41D0-4D08-A495-70DB6885AE45}.Debug|Any CPU.ActiveCfg = Debug|Any CPU
		{4FE35CBE-41D0-4D08-A495-70DB6885AE45}.Debug|Any CPU.Build.0 = Debug|Any CPU
		{4FE35CBE-41D0-4D08-A495-70DB6885AE45}.Release|Any CPU.ActiveCfg = Release|Any CPU
		{4FE35CBE-41D0-4D08-A495-70DB6885AE45}.Release|Any CPU.Build.0 = Release|Any CPU
	EndGlobalSection
	GlobalSection(SolutionProperties) = preSolution
		HideSolutionNode = FALSE
	EndGlobalSection
	GlobalSection(ExtensibilityGlobals) = postSolution
		SolutionGuid = {8A921356-ADE1-481A-AC6F-2590385035B3}
	EndGlobalSection
EndGlobal
