
Microsoft Visual Studio Solution File, Format Version 12.00
# Visual Studio Version 17
VisualStudioVersion = 17.3.32901.215
MinimumVisualStudioVersion = 10.0.40219.1
Project("{FAE04EC0-301F-11D3-BF4B-00C04F79EFBC}") = "App4_TypeData", "App4_TypeData.csproj", "{4D4CB583-D07B-47A8-852E-32A65A6BDAC4}"
EndProject
Global
	GlobalSection(SolutionConfigurationPlatforms) = preSolution
		Debug|Any CPU = Debug|Any CPU
		Release|Any CPU = Release|Any CPU
	EndGlobalSection
	GlobalSection(ProjectConfigurationPlatforms) = postSolution
		{4D4CB583-D07B-47A8-852E-32A65A6BDAC4}.Debug|Any CPU.ActiveCfg = Debug|Any CPU
		{4D4CB583-D07B-47A8-852E-32A65A6BDAC4}.Debug|Any CPU.Build.0 = Debug|Any CPU
		{4D4CB583-D07B-47A8-852E-32A65A6BDAC4}.Release|Any CPU.ActiveCfg = Release|Any CPU
		{4D4CB583-D07B-47A8-852E-32A65A6BDAC4}.Release|Any CPU.Build.0 = Release|Any CPU
	EndGlobalSection
	GlobalSection(SolutionProperties) = preSolution
		HideSolutionNode = FALSE
	EndGlobalSection
	GlobalSection(ExtensibilityGlobals) = postSolution
		SolutionGuid = {A19095F5-5FF0-4F4A-ABA1-097A3FCA2EDF}
	EndGlobalSection
EndGlobal
